{
  "name": "noobgl-quaternion",
  "version": "0.0.3",
  "lockfileVersion": 1,
  "requires": true,
  "dependencies": {
    "noobgl-euler": {
      "version": "0.0.2",
      "resolved": "https://registry.npmjs.org/noobgl-euler/-/noobgl-euler-0.0.2.tgz",
      "integrity": "sha512-1q40KnOUO/gZir3/AaDmhgLevlxSjAO7n/whRqYFLJpoZt75ys2/FEBSqWd7Ux+CnIBxF/Bd5zMj5TdVChJ9DA==",
      "requires": {
        "noobgl-matrix": "0.0.3"
      },
      "dependencies": {
        "noobgl-euler": {
          "version": "0.0.1",
          "resolved": "https://registry.npmjs.org/noobgl-euler/-/noobgl-euler-0.0.1.tgz",
          "integrity": "sha512-cRmlPKNLQsFsN86pr8jhvYbiHv9lv7fs/G56fo6a/OwZy6zt+lzuTlHeL2RVBfBmNtUOTWRbyRxTuwty/OF6gw==",
          "requires": {
            "noobgl-matrix": "0.0.1"
          },
          "dependencies": {
            "noobgl-matrix": {
              "version": "0.0.1",
              "resolved": "https://registry.npmjs.org/noobgl-matrix/-/noobgl-matrix-0.0.1.tgz",
              "integrity": "sha512-wvx6jkeX4sz6u/Cilp9nkEEehaB9ZcvKoUDzR3ufLcLwrEKsWMLDkNvaP+WRqCwKqGzDtT4kUGSMskUGvSlL9w=="
            }
          }
        },
        "noobgl-matrix": {
          "version": "0.0.3",
          "resolved": "https://registry.npmjs.org/noobgl-matrix/-/noobgl-matrix-0.0.3.tgz",
          "integrity": "sha512-GivNfQO4Cwxp3M62wtg7HZIKjWXDFh2f8j9g215ApX0bnXQ0b5Y0vQ/1IveoKVfeeHZkqUde2VXgXvGTt4BjHw==",
          "requires": {
            "noobgl-vector": "0.0.1"
          }
        },
        "noobgl-vector": {
          "version": "0.0.1",
          "resolved": "https://registry.npmjs.org/noobgl-vector/-/noobgl-vector-0.0.1.tgz",
          "integrity": "sha512-NavSarCmr8COhDTCHKuFI8cu28xk5lOaQ9HtiIEY78gByj21a3qqds8So96+rffrXEvMSlVwUABUT+tO8bbtsw=="
        }
      }
    },
    "noobgl-matrix": {
      "version": "0.0.4",
      "resolved": "https://registry.npmjs.org/noobgl-matrix/-/noobgl-matrix-0.0.4.tgz",
      "integrity": "sha512-dyY9CdWrAJFYMCa6tutViBMPE1p9e0LAhsB6Zp1RTYQ6zGf35DaUnt+chTgmIyjSiVX7tLUO3EHpZ0ASCKTVvQ==",
      "requires": {
        "noobgl-euler": "0.0.2",
        "noobgl-vector": "0.0.2"
      }
    },
    "noobgl-vector": {
      "version": "0.0.2",
      "resolved": "https://registry.npmjs.org/noobgl-vector/-/noobgl-vector-0.0.2.tgz",
      "integrity": "sha512-cfa7i1hMiH8Glemw1Y59SNPmbkELXgj6NOJVQX7bDMLw2sxe3XqtwlYZgQUn3l1M5ddQRzj9dK79Jx8R6n/CqA=="
    }
  }
}
