{
  "name": "noobgl-quaternion",
  "version": "0.0.1",
  "lockfileVersion": 1,
  "requires": true,
  "dependencies": {
    "noobgl-matrix": {
      "version": "0.0.1",
      "resolved": "https://registry.npmjs.org/noobgl-matrix/-/noobgl-matrix-0.0.1.tgz",
      "integrity": "sha512-wvx6jkeX4sz6u/Cilp9nkEEehaB9ZcvKoUDzR3ufLcLwrEKsWMLDkNvaP+WRqCwKqGzDtT4kUGSMskUGvSlL9w=="
    }
  }
}
